
Microsoft Visual Studio Solution File, Format Version 12.00
# Visual Studio Version 17
VisualStudioVersion = 17.0.32112.339
MinimumVisualStudioVersion = 10.0.40219.1
Project("{FAE04EC0-301F-11D3-BF4B-00C04F79EFBC}") = "FileRename.Console", "FileRename.Console.csproj", "{89CA0DF2-2264-416E-B898-CB3F72EB143E}"
EndProject
Global
	GlobalSection(SolutionConfigurationPlatforms) = preSolution
		Debug|Any CPU = Debug|Any CPU
		Release|Any CPU = Release|Any CPU
	EndGlobalSection
	GlobalSection(ProjectConfigurationPlatforms) = postSolution
		{89CA0DF2-2264-416E-B898-CB3F72EB143E}.Debug|Any CPU.ActiveCfg = Debug|Any CPU
		{89CA0DF2-2264-416E-B898-CB3F72EB143E}.Debug|Any CPU.Build.0 = Debug|Any CPU
		{89CA0DF2-2264-416E-B898-CB3F72EB143E}.Release|Any CPU.ActiveCfg = Release|Any CPU
		{89CA0DF2-2264-416E-B898-CB3F72EB143E}.Release|Any CPU.Build.0 = Release|Any CPU
	EndGlobalSection
	GlobalSection(SolutionProperties) = preSolution
		HideSolutionNode = FALSE
	EndGlobalSection
	GlobalSection(ExtensibilityGlobals) = postSolution
		SolutionGuid = {2F453524-6E6D-4EDA-8F37-FAF7EA561B02}
	EndGlobalSection
EndGlobal
